
Microsoft Visual Studio Solution File, Format Version 12.00
# Visual Studio Version 16
VisualStudioVersion = 16.0.29721.120
MinimumVisualStudioVersion = 10.0.40219.1
Project("{2150E333-8FDC-42A3-9474-1A3956D46DE8}") = "Week1", "Week1", "{E7CA4231-22C1-42DA-A835-7BCE46D4F306}"
EndProject
Project("{9A19103F-16F7-4668-BE54-9A1E7A4F7556}") = "HelloWorld", "HelloWorld\HelloWorld.csproj", "{29CE9054-89AD-4BEB-8CE3-3318C44E6EF5}"
EndProject
Project("{9A19103F-16F7-4668-BE54-9A1E7A4F7556}") = "HiProgram", "HiProgram\HiProgram.csproj", "{16D8E04C-C80E-4446-8E7C-83A473791D97}"
EndProject
Project("{9A19103F-16F7-4668-BE54-9A1E7A4F7556}") = "AgeAfterTenYears", "AgeAfterTenYears\AgeAfterTenYears.csproj", "{E0D6C07D-7000-4B9F-A6C1-27C71886E813}"
EndProject
Project("{9A19103F-16F7-4668-BE54-9A1E7A4F7556}") = "MyUniqueNumber", "MyUniqueNumber\MyUniqueNumber.csproj", "{4EAE6806-C96D-4B72-94F8-1DB3D438C230}"
EndProject
Project("{2150E333-8FDC-42A3-9474-1A3956D46DE8}") = "Week2", "Week2", "{456580A3-2313-486A-BF55-370A11FB01FB}"
EndProject
Project("{9A19103F-16F7-4668-BE54-9A1E7A4F7556}") = "FourthDigit", "FourthDigit\FourthDigit.csproj", "{5788AF5D-8D29-43D9-BFA9-8FAC181D985B}"
EndProject
Project("{9A19103F-16F7-4668-BE54-9A1E7A4F7556}") = "TravelingToSunWithSoundSpeed", "TravelingToSunWithSoundSpeed\TravelingToSunWithSoundSpeed.csproj", "{8DC48962-245C-4A2A-B935-B190E54070BB}"
EndProject
Project("{FAE04EC0-301F-11D3-BF4B-00C04F79EFBC}") = "ConsoleApp1", "ConsoleApp1\ConsoleApp1.csproj", "{56CB709D-DCCB-47FA-9C88-38858C31E94B}"
EndProject
Global
	GlobalSection(SolutionConfigurationPlatforms) = preSolution
		Debug|Any CPU = Debug|Any CPU
		Release|Any CPU = Release|Any CPU
	EndGlobalSection
	GlobalSection(ProjectConfigurationPlatforms) = postSolution
		{29CE9054-89AD-4BEB-8CE3-3318C44E6EF5}.Debug|Any CPU.ActiveCfg = Debug|Any CPU
		{29CE9054-89AD-4BEB-8CE3-3318C44E6EF5}.Debug|Any CPU.Build.0 = Debug|Any CPU
		{29CE9054-89AD-4BEB-8CE3-3318C44E6EF5}.Release|Any CPU.ActiveCfg = Release|Any CPU
		{29CE9054-89AD-4BEB-8CE3-3318C44E6EF5}.Release|Any CPU.Build.0 = Release|Any CPU
		{16D8E04C-C80E-4446-8E7C-83A473791D97}.Debug|Any CPU.ActiveCfg = Debug|Any CPU
		{16D8E04C-C80E-4446-8E7C-83A473791D97}.Debug|Any CPU.Build.0 = Debug|Any CPU
		{16D8E04C-C80E-4446-8E7C-83A473791D97}.Release|Any CPU.ActiveCfg = Release|Any CPU
		{16D8E04C-C80E-4446-8E7C-83A473791D97}.Release|Any CPU.Build.0 = Release|Any CPU
		{E0D6C07D-7000-4B9F-A6C1-27C71886E813}.Debug|Any CPU.ActiveCfg = Debug|Any CPU
		{E0D6C07D-7000-4B9F-A6C1-27C71886E813}.Debug|Any CPU.Build.0 = Debug|Any CPU
		{E0D6C07D-7000-4B9F-A6C1-27C71886E813}.Release|Any CPU.ActiveCfg = Release|Any CPU
		{E0D6C07D-7000-4B9F-A6C1-27C71886E813}.Release|Any CPU.Build.0 = Release|Any CPU
		{4EAE6806-C96D-4B72-94F8-1DB3D438C230}.Debug|Any CPU.ActiveCfg = Debug|Any CPU
		{4EAE6806-C96D-4B72-94F8-1DB3D438C230}.Debug|Any CPU.Build.0 = Debug|Any CPU
		{4EAE6806-C96D-4B72-94F8-1DB3D438C230}.Release|Any CPU.ActiveCfg = Release|Any CPU
		{4EAE6806-C96D-4B72-94F8-1DB3D438C230}.Release|Any CPU.Build.0 = Release|Any CPU
		{5788AF5D-8D29-43D9-BFA9-8FAC181D985B}.Debug|Any CPU.ActiveCfg = Debug|Any CPU
		{5788AF5D-8D29-43D9-BFA9-8FAC181D985B}.Debug|Any CPU.Build.0 = Debug|Any CPU
		{5788AF5D-8D29-43D9-BFA9-8FAC181D985B}.Release|Any CPU.ActiveCfg = Release|Any CPU
		{5788AF5D-8D29-43D9-BFA9-8FAC181D985B}.Release|Any CPU.Build.0 = Release|Any CPU
		{8DC48962-245C-4A2A-B935-B190E54070BB}.Debug|Any CPU.ActiveCfg = Debug|Any CPU
		{8DC48962-245C-4A2A-B935-B190E54070BB}.Debug|Any CPU.Build.0 = Debug|Any CPU
		{8DC48962-245C-4A2A-B935-B190E54070BB}.Release|Any CPU.ActiveCfg = Release|Any CPU
		{8DC48962-245C-4A2A-B935-B190E54070BB}.Release|Any CPU.Build.0 = Release|Any CPU
		{56CB709D-DCCB-47FA-9C88-38858C31E94B}.Debug|Any CPU.ActiveCfg = Debug|Any CPU
		{56CB709D-DCCB-47FA-9C88-38858C31E94B}.Debug|Any CPU.Build.0 = Debug|Any CPU
		{56CB709D-DCCB-47FA-9C88-38858C31E94B}.Release|Any CPU.ActiveCfg = Release|Any CPU
		{56CB709D-DCCB-47FA-9C88-38858C31E94B}.Release|Any CPU.Build.0 = Release|Any CPU
	EndGlobalSection
	GlobalSection(SolutionProperties) = preSolution
		HideSolutionNode = FALSE
	EndGlobalSection
	GlobalSection(NestedProjects) = preSolution
		{29CE9054-89AD-4BEB-8CE3-3318C44E6EF5} = {E7CA4231-22C1-42DA-A835-7BCE46D4F306}
		{16D8E04C-C80E-4446-8E7C-83A473791D97} = {E7CA4231-22C1-42DA-A835-7BCE46D4F306}
		{E0D6C07D-7000-4B9F-A6C1-27C71886E813} = {E7CA4231-22C1-42DA-A835-7BCE46D4F306}
		{4EAE6806-C96D-4B72-94F8-1DB3D438C230} = {E7CA4231-22C1-42DA-A835-7BCE46D4F306}
		{5788AF5D-8D29-43D9-BFA9-8FAC181D985B} = {456580A3-2313-486A-BF55-370A11FB01FB}
		{8DC48962-245C-4A2A-B935-B190E54070BB} = {456580A3-2313-486A-BF55-370A11FB01FB}
	EndGlobalSection
	GlobalSection(ExtensibilityGlobals) = postSolution
		SolutionGuid = {62365C6E-3148-458B-90B3-C5435E2A64E4}
	EndGlobalSection
EndGlobal
