
Microsoft Visual Studio Solution File, Format Version 12.00
# Visual Studio 14
VisualStudioVersion = 14.0.25420.1
MinimumVisualStudioVersion = 10.0.40219.1
Project("{FAE04EC0-301F-11D3-BF4B-00C04F79EFBC}") = "01. Odd-Or-Even", "OddOrEven\01. Odd-Or-Even.csproj", "{B5838F4E-AF77-468F-8D07-CB3A7558AA4D}"
EndProject
Project("{FAE04EC0-301F-11D3-BF4B-00C04F79EFBC}") = "02. Piggy-Gamblers", "PiggyGamblers\02. Piggy-Gamblers.csproj", "{4C4D376D-FB7F-4F5A-96CE-B24497FD5702}"
EndProject
Project("{FAE04EC0-301F-11D3-BF4B-00C04F79EFBC}") = "03. Piggy-Bank", "PiggyBank\03. Piggy-Bank.csproj", "{EABCBFC7-2F79-4ECF-AF90-2F4521F3F3FA}"
EndProject
Project("{FAE04EC0-301F-11D3-BF4B-00C04F79EFBC}") = "04. Miser-Piggy", "MiserPiggy\04. Miser-Piggy.csproj", "{BF234F5D-4CCF-49B9-8586-3559542F4BD9}"
EndProject
Global
	GlobalSection(SolutionConfigurationPlatforms) = preSolution
		Debug|Any CPU = Debug|Any CPU
		Release|Any CPU = Release|Any CPU
	EndGlobalSection
	GlobalSection(ProjectConfigurationPlatforms) = postSolution
		{B5838F4E-AF77-468F-8D07-CB3A7558AA4D}.Debug|Any CPU.ActiveCfg = Debug|Any CPU
		{B5838F4E-AF77-468F-8D07-CB3A7558AA4D}.Debug|Any CPU.Build.0 = Debug|Any CPU
		{B5838F4E-AF77-468F-8D07-CB3A7558AA4D}.Release|Any CPU.ActiveCfg = Release|Any CPU
		{B5838F4E-AF77-468F-8D07-CB3A7558AA4D}.Release|Any CPU.Build.0 = Release|Any CPU
		{4C4D376D-FB7F-4F5A-96CE-B24497FD5702}.Debug|Any CPU.ActiveCfg = Debug|Any CPU
		{4C4D376D-FB7F-4F5A-96CE-B24497FD5702}.Debug|Any CPU.Build.0 = Debug|Any CPU
		{4C4D376D-FB7F-4F5A-96CE-B24497FD5702}.Release|Any CPU.ActiveCfg = Release|Any CPU
		{4C4D376D-FB7F-4F5A-96CE-B24497FD5702}.Release|Any CPU.Build.0 = Release|Any CPU
		{EABCBFC7-2F79-4ECF-AF90-2F4521F3F3FA}.Debug|Any CPU.ActiveCfg = Debug|Any CPU
		{EABCBFC7-2F79-4ECF-AF90-2F4521F3F3FA}.Debug|Any CPU.Build.0 = Debug|Any CPU
		{EABCBFC7-2F79-4ECF-AF90-2F4521F3F3FA}.Release|Any CPU.ActiveCfg = Release|Any CPU
		{EABCBFC7-2F79-4ECF-AF90-2F4521F3F3FA}.Release|Any CPU.Build.0 = Release|Any CPU
		{BF234F5D-4CCF-49B9-8586-3559542F4BD9}.Debug|Any CPU.ActiveCfg = Debug|Any CPU
		{BF234F5D-4CCF-49B9-8586-3559542F4BD9}.Debug|Any CPU.Build.0 = Debug|Any CPU
		{BF234F5D-4CCF-49B9-8586-3559542F4BD9}.Release|Any CPU.ActiveCfg = Release|Any CPU
		{BF234F5D-4CCF-49B9-8586-3559542F4BD9}.Release|Any CPU.Build.0 = Release|Any CPU
	EndGlobalSection
	GlobalSection(SolutionProperties) = preSolution
		HideSolutionNode = FALSE
	EndGlobalSection
EndGlobal
