
Microsoft Visual Studio Solution File, Format Version 12.00
# Visual Studio 15
VisualStudioVersion = 15.0.27004.2010
MinimumVisualStudioVersion = 10.0.40219.1
Project("{FAE04EC0-301F-11D3-BF4B-00C04F79EFBC}") = "Task1", "Task1\Task1.csproj", "{2FBC45D9-15D3-40A5-AC5B-4E837C9879AA}"
EndProject
Project("{FAE04EC0-301F-11D3-BF4B-00C04F79EFBC}") = "Task2", "Task2\Task2.csproj", "{3A73A497-E359-4C8B-B634-CA6E76B2E9EE}"
EndProject
Project("{FAE04EC0-301F-11D3-BF4B-00C04F79EFBC}") = "Task3", "Task3\Task3.csproj", "{2D9BB0C5-DF9E-4A13-A3FC-B90033C446D1}"
EndProject
Project("{FAE04EC0-301F-11D3-BF4B-00C04F79EFBC}") = "Task4", "Task4\Task4.csproj", "{14562B00-AC68-4614-AAF8-088B37394FFE}"
EndProject
Project("{FAE04EC0-301F-11D3-BF4B-00C04F79EFBC}") = "Task5", "Task5\Task5.csproj", "{8E3CD8D9-5509-42B8-8750-987ED7203338}"
EndProject
Project("{FAE04EC0-301F-11D3-BF4B-00C04F79EFBC}") = "Task6", "Task6\Task6.csproj", "{92426908-71CA-4188-A136-F1213BF6BFCB}"
EndProject
Project("{FAE04EC0-301F-11D3-BF4B-00C04F79EFBC}") = "Task7", "Task7\Task7.csproj", "{68AF5BE2-6156-48FB-A858-4F49D71456F0}"
EndProject
Global
	GlobalSection(SolutionConfigurationPlatforms) = preSolution
		Debug|Any CPU = Debug|Any CPU
		Release|Any CPU = Release|Any CPU
	EndGlobalSection
	GlobalSection(ProjectConfigurationPlatforms) = postSolution
		{2FBC45D9-15D3-40A5-AC5B-4E837C9879AA}.Debug|Any CPU.ActiveCfg = Debug|Any CPU
		{2FBC45D9-15D3-40A5-AC5B-4E837C9879AA}.Debug|Any CPU.Build.0 = Debug|Any CPU
		{2FBC45D9-15D3-40A5-AC5B-4E837C9879AA}.Release|Any CPU.ActiveCfg = Release|Any CPU
		{2FBC45D9-15D3-40A5-AC5B-4E837C9879AA}.Release|Any CPU.Build.0 = Release|Any CPU
		{3A73A497-E359-4C8B-B634-CA6E76B2E9EE}.Debug|Any CPU.ActiveCfg = Debug|Any CPU
		{3A73A497-E359-4C8B-B634-CA6E76B2E9EE}.Debug|Any CPU.Build.0 = Debug|Any CPU
		{3A73A497-E359-4C8B-B634-CA6E76B2E9EE}.Release|Any CPU.ActiveCfg = Release|Any CPU
		{3A73A497-E359-4C8B-B634-CA6E76B2E9EE}.Release|Any CPU.Build.0 = Release|Any CPU
		{2D9BB0C5-DF9E-4A13-A3FC-B90033C446D1}.Debug|Any CPU.ActiveCfg = Debug|Any CPU
		{2D9BB0C5-DF9E-4A13-A3FC-B90033C446D1}.Debug|Any CPU.Build.0 = Debug|Any CPU
		{2D9BB0C5-DF9E-4A13-A3FC-B90033C446D1}.Release|Any CPU.ActiveCfg = Release|Any CPU
		{2D9BB0C5-DF9E-4A13-A3FC-B90033C446D1}.Release|Any CPU.Build.0 = Release|Any CPU
		{14562B00-AC68-4614-AAF8-088B37394FFE}.Debug|Any CPU.ActiveCfg = Debug|Any CPU
		{14562B00-AC68-4614-AAF8-088B37394FFE}.Debug|Any CPU.Build.0 = Debug|Any CPU
		{14562B00-AC68-4614-AAF8-088B37394FFE}.Release|Any CPU.ActiveCfg = Release|Any CPU
		{14562B00-AC68-4614-AAF8-088B37394FFE}.Release|Any CPU.Build.0 = Release|Any CPU
		{8E3CD8D9-5509-42B8-8750-987ED7203338}.Debug|Any CPU.ActiveCfg = Debug|Any CPU
		{8E3CD8D9-5509-42B8-8750-987ED7203338}.Debug|Any CPU.Build.0 = Debug|Any CPU
		{8E3CD8D9-5509-42B8-8750-987ED7203338}.Release|Any CPU.ActiveCfg = Release|Any CPU
		{8E3CD8D9-5509-42B8-8750-987ED7203338}.Release|Any CPU.Build.0 = Release|Any CPU
		{92426908-71CA-4188-A136-F1213BF6BFCB}.Debug|Any CPU.ActiveCfg = Debug|Any CPU
		{92426908-71CA-4188-A136-F1213BF6BFCB}.Debug|Any CPU.Build.0 = Debug|Any CPU
		{92426908-71CA-4188-A136-F1213BF6BFCB}.Release|Any CPU.ActiveCfg = Release|Any CPU
		{92426908-71CA-4188-A136-F1213BF6BFCB}.Release|Any CPU.Build.0 = Release|Any CPU
		{68AF5BE2-6156-48FB-A858-4F49D71456F0}.Debug|Any CPU.ActiveCfg = Debug|Any CPU
		{68AF5BE2-6156-48FB-A858-4F49D71456F0}.Debug|Any CPU.Build.0 = Debug|Any CPU
		{68AF5BE2-6156-48FB-A858-4F49D71456F0}.Release|Any CPU.ActiveCfg = Release|Any CPU
		{68AF5BE2-6156-48FB-A858-4F49D71456F0}.Release|Any CPU.Build.0 = Release|Any CPU
	EndGlobalSection
	GlobalSection(SolutionProperties) = preSolution
		HideSolutionNode = FALSE
	EndGlobalSection
	GlobalSection(ExtensibilityGlobals) = postSolution
		SolutionGuid = {CED3AF13-89FB-4D7E-9782-C323B4911E17}
	EndGlobalSection
EndGlobal
