
Microsoft Visual Studio Solution File, Format Version 12.00
# Visual Studio Version 16
VisualStudioVersion = 16.0.29215.179
MinimumVisualStudioVersion = 10.0.40219.1
Project("{2150E333-8FDC-42A3-9474-1A3956D46DE8}") = "Homework1", "Homework1", "{18B31298-3F22-41C4-AB2B-045EBD83F3D1}"
EndProject
Project("{9A19103F-16F7-4668-BE54-9A1E7A4F7556}") = "STD-LusianManolov-1701681009-H1-Task1", "STD-LusianManolov-1701681009-H1-Task1\STD-LusianManolov-1701681009-H1-Task1.csproj", "{33AA6021-2A31-4FB9-9A62-FD0EABBFB2A8}"
EndProject
Project("{9A19103F-16F7-4668-BE54-9A1E7A4F7556}") = "STD-LusianManolov-1701681009-H1-Task2", "STD-LusianManolov-1701681009-H1-Task2\STD-LusianManolov-1701681009-H1-Task2.csproj", "{5CFA90AA-A56B-4A99-9678-EB3F223ACC6E}"
EndProject
Project("{9A19103F-16F7-4668-BE54-9A1E7A4F7556}") = "STD-LusianManolov-1701681009-H1-Task3", "STD-LusianManolov-1701681009-H1-Task3\STD-LusianManolov-1701681009-H1-Task3.csproj", "{1A445E62-46A5-46E2-B744-F837BF31D563}"
EndProject
Project("{2150E333-8FDC-42A3-9474-1A3956D46DE8}") = "Homework2", "Homework2", "{1504E5A1-8AB7-4F52-B94F-C3698A40BB87}"
EndProject
Project("{9A19103F-16F7-4668-BE54-9A1E7A4F7556}") = "STD-LusianManolov-1701681009-H2-Task1", "STD-LusianManolov-1701681009-H2-Task1\STD-LusianManolov-1701681009-H2-Task1.csproj", "{E4C81AB6-F8A5-4ED5-A4AF-EC1C3F5AA264}"
EndProject
Project("{9A19103F-16F7-4668-BE54-9A1E7A4F7556}") = "STD-LusianManolov-1701681009-H2-Task2", "STD-LusianManolov-1701681009-H2-Task2\STD-LusianManolov-1701681009-H2-Task2.csproj", "{AC786AAD-99E0-423A-BA32-D09E25A96855}"
EndProject
Project("{9A19103F-16F7-4668-BE54-9A1E7A4F7556}") = "STD-LusianManolov-1701681009-H2-Task3", "STD-LusianManolov-1701681009-H2-Task3\STD-LusianManolov-1701681009-H2-Task3.csproj", "{AAB0D330-DB20-429F-A783-2F4315F6AD5E}"
EndProject
Project("{9A19103F-16F7-4668-BE54-9A1E7A4F7556}") = "STD-LusianManolov-1701681009-H2-Task4", "STD-LusianManolov-1701681009-H2-Task4\STD-LusianManolov-1701681009-H2-Task4.csproj", "{CA9F01F5-8400-4765-8109-15A1E858D7F4}"
EndProject
Project("{2150E333-8FDC-42A3-9474-1A3956D46DE8}") = "Homework3", "Homework3", "{A0346F98-DCB5-4049-9719-CACE4C1F4C74}"
EndProject
Project("{9A19103F-16F7-4668-BE54-9A1E7A4F7556}") = "STD-LusianManolov-1701681009-H3-Task1", "STD-LusianManolov-1701681009-H3-Task1\STD-LusianManolov-1701681009-H3-Task1.csproj", "{3A1A9746-7B95-4178-A837-E78AC709B20F}"
EndProject
Project("{9A19103F-16F7-4668-BE54-9A1E7A4F7556}") = "STD-LusianManolov-1701681009-H3-Task2", "STD-LusianManolov-1701681009-H3-Task2\STD-LusianManolov-1701681009-H3-Task2.csproj", "{D29C0683-043C-4C04-B70B-00F712E31E02}"
EndProject
Project("{9A19103F-16F7-4668-BE54-9A1E7A4F7556}") = "STD-LusianManolov-1701681009-H3-Task3", "STD-LusianManolov-1701681009-H3-Task3\STD-LusianManolov-1701681009-H3-Task3.csproj", "{B0579F88-94C2-4C2C-9B55-33B06CAEA7F2}"
EndProject
Project("{9A19103F-16F7-4668-BE54-9A1E7A4F7556}") = "STD-LusianManolov-1701681009-H4-Task1", "STD-LusianManolov-1701681009-H4-Task1\STD-LusianManolov-1701681009-H4-Task1.csproj", "{EFE9D6DF-8CB4-4751-87B6-60C72726DCC0}"
EndProject
Project("{2150E333-8FDC-42A3-9474-1A3956D46DE8}") = "Homework4", "Homework4", "{BAC89536-9138-40BF-A717-78BB760E12DE}"
EndProject
Project("{9A19103F-16F7-4668-BE54-9A1E7A4F7556}") = "STD-LusianManolov-1701681009-H4-Task2", "STD-LusianManolov-1701681009-H4-Task2\STD-LusianManolov-1701681009-H4-Task2.csproj", "{BD95734E-A3A9-48EF-9687-A8D72312766D}"
EndProject
Project("{2150E333-8FDC-42A3-9474-1A3956D46DE8}") = "Homework5", "Homework5", "{FBF9B20D-3039-4985-921F-ABD98981DD78}"
EndProject
Project("{9A19103F-16F7-4668-BE54-9A1E7A4F7556}") = "STD-LusianManolov-1701681009-H5-Task1", "STD-LusianManolov-1701681009-H5-Task1\STD-LusianManolov-1701681009-H5-Task1.csproj", "{4C0170EB-660C-4BC4-A314-5A07215C4504}"
EndProject
Project("{9A19103F-16F7-4668-BE54-9A1E7A4F7556}") = "STD-LusianManolov-1701681009-H5-Task2", "STD-LusianManolov-1701681009-H5-Task2\STD-LusianManolov-1701681009-H5-Task2.csproj", "{31FA7890-F76B-494D-8DB8-AE1B252EC671}"
EndProject
Project("{9A19103F-16F7-4668-BE54-9A1E7A4F7556}") = "AgeAfter10Years", "AgeAfter10Years\AgeAfter10Years.csproj", "{0249533B-999A-4472-A498-02F370521A2C}"
EndProject
Project("{9A19103F-16F7-4668-BE54-9A1E7A4F7556}") = "MyUniqueNumber", "MyUniqueNumber\MyUniqueNumber.csproj", "{3E89CC5B-4F61-44AF-AE81-568934B0F253}"
EndProject
Project("{2150E333-8FDC-42A3-9474-1A3956D46DE8}") = "Tatyana", "Tatyana", "{5A4EDF47-3C4C-4E34-B5B8-CEB9E95EC791}"
EndProject
Project("{FAE04EC0-301F-11D3-BF4B-00C04F79EFBC}") = "ConsoleApp1", "ConsoleApp1\ConsoleApp1.csproj", "{20688EEB-6869-4952-90F0-027C4CAB90B8}"
EndProject
Global
	GlobalSection(SolutionConfigurationPlatforms) = preSolution
		Debug|Any CPU = Debug|Any CPU
		Release|Any CPU = Release|Any CPU
	EndGlobalSection
	GlobalSection(ProjectConfigurationPlatforms) = postSolution
		{33AA6021-2A31-4FB9-9A62-FD0EABBFB2A8}.Debug|Any CPU.ActiveCfg = Debug|Any CPU
		{33AA6021-2A31-4FB9-9A62-FD0EABBFB2A8}.Debug|Any CPU.Build.0 = Debug|Any CPU
		{33AA6021-2A31-4FB9-9A62-FD0EABBFB2A8}.Release|Any CPU.ActiveCfg = Release|Any CPU
		{33AA6021-2A31-4FB9-9A62-FD0EABBFB2A8}.Release|Any CPU.Build.0 = Release|Any CPU
		{5CFA90AA-A56B-4A99-9678-EB3F223ACC6E}.Debug|Any CPU.ActiveCfg = Debug|Any CPU
		{5CFA90AA-A56B-4A99-9678-EB3F223ACC6E}.Debug|Any CPU.Build.0 = Debug|Any CPU
		{5CFA90AA-A56B-4A99-9678-EB3F223ACC6E}.Release|Any CPU.ActiveCfg = Release|Any CPU
		{5CFA90AA-A56B-4A99-9678-EB3F223ACC6E}.Release|Any CPU.Build.0 = Release|Any CPU
		{1A445E62-46A5-46E2-B744-F837BF31D563}.Debug|Any CPU.ActiveCfg = Debug|Any CPU
		{1A445E62-46A5-46E2-B744-F837BF31D563}.Debug|Any CPU.Build.0 = Debug|Any CPU
		{1A445E62-46A5-46E2-B744-F837BF31D563}.Release|Any CPU.ActiveCfg = Release|Any CPU
		{1A445E62-46A5-46E2-B744-F837BF31D563}.Release|Any CPU.Build.0 = Release|Any CPU
		{E4C81AB6-F8A5-4ED5-A4AF-EC1C3F5AA264}.Debug|Any CPU.ActiveCfg = Debug|Any CPU
		{E4C81AB6-F8A5-4ED5-A4AF-EC1C3F5AA264}.Debug|Any CPU.Build.0 = Debug|Any CPU
		{E4C81AB6-F8A5-4ED5-A4AF-EC1C3F5AA264}.Release|Any CPU.ActiveCfg = Release|Any CPU
		{E4C81AB6-F8A5-4ED5-A4AF-EC1C3F5AA264}.Release|Any CPU.Build.0 = Release|Any CPU
		{AC786AAD-99E0-423A-BA32-D09E25A96855}.Debug|Any CPU.ActiveCfg = Debug|Any CPU
		{AC786AAD-99E0-423A-BA32-D09E25A96855}.Debug|Any CPU.Build.0 = Debug|Any CPU
		{AC786AAD-99E0-423A-BA32-D09E25A96855}.Release|Any CPU.ActiveCfg = Release|Any CPU
		{AC786AAD-99E0-423A-BA32-D09E25A96855}.Release|Any CPU.Build.0 = Release|Any CPU
		{AAB0D330-DB20-429F-A783-2F4315F6AD5E}.Debug|Any CPU.ActiveCfg = Debug|Any CPU
		{AAB0D330-DB20-429F-A783-2F4315F6AD5E}.Debug|Any CPU.Build.0 = Debug|Any CPU
		{AAB0D330-DB20-429F-A783-2F4315F6AD5E}.Release|Any CPU.ActiveCfg = Release|Any CPU
		{AAB0D330-DB20-429F-A783-2F4315F6AD5E}.Release|Any CPU.Build.0 = Release|Any CPU
		{CA9F01F5-8400-4765-8109-15A1E858D7F4}.Debug|Any CPU.ActiveCfg = Debug|Any CPU
		{CA9F01F5-8400-4765-8109-15A1E858D7F4}.Debug|Any CPU.Build.0 = Debug|Any CPU
		{CA9F01F5-8400-4765-8109-15A1E858D7F4}.Release|Any CPU.ActiveCfg = Release|Any CPU
		{CA9F01F5-8400-4765-8109-15A1E858D7F4}.Release|Any CPU.Build.0 = Release|Any CPU
		{3A1A9746-7B95-4178-A837-E78AC709B20F}.Debug|Any CPU.ActiveCfg = Debug|Any CPU
		{3A1A9746-7B95-4178-A837-E78AC709B20F}.Debug|Any CPU.Build.0 = Debug|Any CPU
		{3A1A9746-7B95-4178-A837-E78AC709B20F}.Release|Any CPU.ActiveCfg = Release|Any CPU
		{3A1A9746-7B95-4178-A837-E78AC709B20F}.Release|Any CPU.Build.0 = Release|Any CPU
		{D29C0683-043C-4C04-B70B-00F712E31E02}.Debug|Any CPU.ActiveCfg = Debug|Any CPU
		{D29C0683-043C-4C04-B70B-00F712E31E02}.Debug|Any CPU.Build.0 = Debug|Any CPU
		{D29C0683-043C-4C04-B70B-00F712E31E02}.Release|Any CPU.ActiveCfg = Release|Any CPU
		{D29C0683-043C-4C04-B70B-00F712E31E02}.Release|Any CPU.Build.0 = Release|Any CPU
		{B0579F88-94C2-4C2C-9B55-33B06CAEA7F2}.Debug|Any CPU.ActiveCfg = Debug|Any CPU
		{B0579F88-94C2-4C2C-9B55-33B06CAEA7F2}.Debug|Any CPU.Build.0 = Debug|Any CPU
		{B0579F88-94C2-4C2C-9B55-33B06CAEA7F2}.Release|Any CPU.ActiveCfg = Release|Any CPU
		{B0579F88-94C2-4C2C-9B55-33B06CAEA7F2}.Release|Any CPU.Build.0 = Release|Any CPU
		{EFE9D6DF-8CB4-4751-87B6-60C72726DCC0}.Debug|Any CPU.ActiveCfg = Debug|Any CPU
		{EFE9D6DF-8CB4-4751-87B6-60C72726DCC0}.Debug|Any CPU.Build.0 = Debug|Any CPU
		{EFE9D6DF-8CB4-4751-87B6-60C72726DCC0}.Release|Any CPU.ActiveCfg = Release|Any CPU
		{EFE9D6DF-8CB4-4751-87B6-60C72726DCC0}.Release|Any CPU.Build.0 = Release|Any CPU
		{BD95734E-A3A9-48EF-9687-A8D72312766D}.Debug|Any CPU.ActiveCfg = Debug|Any CPU
		{BD95734E-A3A9-48EF-9687-A8D72312766D}.Debug|Any CPU.Build.0 = Debug|Any CPU
		{BD95734E-A3A9-48EF-9687-A8D72312766D}.Release|Any CPU.ActiveCfg = Release|Any CPU
		{BD95734E-A3A9-48EF-9687-A8D72312766D}.Release|Any CPU.Build.0 = Release|Any CPU
		{4C0170EB-660C-4BC4-A314-5A07215C4504}.Debug|Any CPU.ActiveCfg = Debug|Any CPU
		{4C0170EB-660C-4BC4-A314-5A07215C4504}.Debug|Any CPU.Build.0 = Debug|Any CPU
		{4C0170EB-660C-4BC4-A314-5A07215C4504}.Release|Any CPU.ActiveCfg = Release|Any CPU
		{4C0170EB-660C-4BC4-A314-5A07215C4504}.Release|Any CPU.Build.0 = Release|Any CPU
		{31FA7890-F76B-494D-8DB8-AE1B252EC671}.Debug|Any CPU.ActiveCfg = Debug|Any CPU
		{31FA7890-F76B-494D-8DB8-AE1B252EC671}.Debug|Any CPU.Build.0 = Debug|Any CPU
		{31FA7890-F76B-494D-8DB8-AE1B252EC671}.Release|Any CPU.ActiveCfg = Release|Any CPU
		{31FA7890-F76B-494D-8DB8-AE1B252EC671}.Release|Any CPU.Build.0 = Release|Any CPU
		{0249533B-999A-4472-A498-02F370521A2C}.Debug|Any CPU.ActiveCfg = Debug|Any CPU
		{0249533B-999A-4472-A498-02F370521A2C}.Debug|Any CPU.Build.0 = Debug|Any CPU
		{0249533B-999A-4472-A498-02F370521A2C}.Release|Any CPU.ActiveCfg = Release|Any CPU
		{0249533B-999A-4472-A498-02F370521A2C}.Release|Any CPU.Build.0 = Release|Any CPU
		{3E89CC5B-4F61-44AF-AE81-568934B0F253}.Debug|Any CPU.ActiveCfg = Debug|Any CPU
		{3E89CC5B-4F61-44AF-AE81-568934B0F253}.Debug|Any CPU.Build.0 = Debug|Any CPU
		{3E89CC5B-4F61-44AF-AE81-568934B0F253}.Release|Any CPU.ActiveCfg = Release|Any CPU
		{3E89CC5B-4F61-44AF-AE81-568934B0F253}.Release|Any CPU.Build.0 = Release|Any CPU
		{20688EEB-6869-4952-90F0-027C4CAB90B8}.Debug|Any CPU.ActiveCfg = Debug|Any CPU
		{20688EEB-6869-4952-90F0-027C4CAB90B8}.Debug|Any CPU.Build.0 = Debug|Any CPU
		{20688EEB-6869-4952-90F0-027C4CAB90B8}.Release|Any CPU.ActiveCfg = Release|Any CPU
		{20688EEB-6869-4952-90F0-027C4CAB90B8}.Release|Any CPU.Build.0 = Release|Any CPU
	EndGlobalSection
	GlobalSection(SolutionProperties) = preSolution
		HideSolutionNode = FALSE
	EndGlobalSection
	GlobalSection(NestedProjects) = preSolution
		{33AA6021-2A31-4FB9-9A62-FD0EABBFB2A8} = {18B31298-3F22-41C4-AB2B-045EBD83F3D1}
		{5CFA90AA-A56B-4A99-9678-EB3F223ACC6E} = {18B31298-3F22-41C4-AB2B-045EBD83F3D1}
		{1A445E62-46A5-46E2-B744-F837BF31D563} = {18B31298-3F22-41C4-AB2B-045EBD83F3D1}
		{E4C81AB6-F8A5-4ED5-A4AF-EC1C3F5AA264} = {1504E5A1-8AB7-4F52-B94F-C3698A40BB87}
		{AC786AAD-99E0-423A-BA32-D09E25A96855} = {1504E5A1-8AB7-4F52-B94F-C3698A40BB87}
		{AAB0D330-DB20-429F-A783-2F4315F6AD5E} = {1504E5A1-8AB7-4F52-B94F-C3698A40BB87}
		{CA9F01F5-8400-4765-8109-15A1E858D7F4} = {1504E5A1-8AB7-4F52-B94F-C3698A40BB87}
		{3A1A9746-7B95-4178-A837-E78AC709B20F} = {A0346F98-DCB5-4049-9719-CACE4C1F4C74}
		{D29C0683-043C-4C04-B70B-00F712E31E02} = {A0346F98-DCB5-4049-9719-CACE4C1F4C74}
		{B0579F88-94C2-4C2C-9B55-33B06CAEA7F2} = {A0346F98-DCB5-4049-9719-CACE4C1F4C74}
		{EFE9D6DF-8CB4-4751-87B6-60C72726DCC0} = {BAC89536-9138-40BF-A717-78BB760E12DE}
		{BD95734E-A3A9-48EF-9687-A8D72312766D} = {BAC89536-9138-40BF-A717-78BB760E12DE}
		{4C0170EB-660C-4BC4-A314-5A07215C4504} = {FBF9B20D-3039-4985-921F-ABD98981DD78}
		{31FA7890-F76B-494D-8DB8-AE1B252EC671} = {FBF9B20D-3039-4985-921F-ABD98981DD78}
		{0249533B-999A-4472-A498-02F370521A2C} = {18B31298-3F22-41C4-AB2B-045EBD83F3D1}
		{3E89CC5B-4F61-44AF-AE81-568934B0F253} = {18B31298-3F22-41C4-AB2B-045EBD83F3D1}
		{20688EEB-6869-4952-90F0-027C4CAB90B8} = {5A4EDF47-3C4C-4E34-B5B8-CEB9E95EC791}
	EndGlobalSection
	GlobalSection(ExtensibilityGlobals) = postSolution
		SolutionGuid = {A683B880-FE95-4771-9D90-D88C23DAD0A9}
	EndGlobalSection
EndGlobal
