
Microsoft Visual Studio Solution File, Format Version 12.00
# Visual Studio 15
VisualStudioVersion = 15.0.27703.2042
MinimumVisualStudioVersion = 10.0.40219.1
Project("{FAE04EC0-301F-11D3-BF4B-00C04F79EFBC}") = "A.WorkingWithSomeIntegers", "A.WorkingWithSomeIntegers\A.WorkingWithSomeIntegers.csproj", "{2C5265A8-969A-4647-925A-98CC3684379D}"
EndProject
Project("{FAE04EC0-301F-11D3-BF4B-00C04F79EFBC}") = "B.WorkingWithSomeLetters", "B.WorkingWithSomeLetters\B.WorkingWithSomeLetters.csproj", "{5935B763-94F7-44EB-BA28-0F25AF836A62}"
EndProject
Global
	GlobalSection(SolutionConfigurationPlatforms) = preSolution
		Debug|Any CPU = Debug|Any CPU
		Release|Any CPU = Release|Any CPU
	EndGlobalSection
	GlobalSection(ProjectConfigurationPlatforms) = postSolution
		{2C5265A8-969A-4647-925A-98CC3684379D}.Debug|Any CPU.ActiveCfg = Debug|Any CPU
		{2C5265A8-969A-4647-925A-98CC3684379D}.Debug|Any CPU.Build.0 = Debug|Any CPU
		{2C5265A8-969A-4647-925A-98CC3684379D}.Release|Any CPU.ActiveCfg = Release|Any CPU
		{2C5265A8-969A-4647-925A-98CC3684379D}.Release|Any CPU.Build.0 = Release|Any CPU
		{5935B763-94F7-44EB-BA28-0F25AF836A62}.Debug|Any CPU.ActiveCfg = Debug|Any CPU
		{5935B763-94F7-44EB-BA28-0F25AF836A62}.Debug|Any CPU.Build.0 = Debug|Any CPU
		{5935B763-94F7-44EB-BA28-0F25AF836A62}.Release|Any CPU.ActiveCfg = Release|Any CPU
		{5935B763-94F7-44EB-BA28-0F25AF836A62}.Release|Any CPU.Build.0 = Release|Any CPU
	EndGlobalSection
	GlobalSection(SolutionProperties) = preSolution
		HideSolutionNode = FALSE
	EndGlobalSection
	GlobalSection(ExtensibilityGlobals) = postSolution
		SolutionGuid = {AC844A1B-F7E4-4616-BF35-D6878530B95D}
	EndGlobalSection
EndGlobal
