
Microsoft Visual Studio Solution File, Format Version 12.00
# Visual Studio 15
VisualStudioVersion = 15.0.27703.2042
MinimumVisualStudioVersion = 10.0.40219.1
Project("{FAE04EC0-301F-11D3-BF4B-00C04F79EFBC}") = "A.BusTicketLuckyNumbers", "A.BusTicketLuckyNumbers\A.BusTicketLuckyNumbers.csproj", "{F185CC04-23F9-4C03-B7AD-ED9299EEB162}"
EndProject
Project("{FAE04EC0-301F-11D3-BF4B-00C04F79EFBC}") = "B.MiserPiggy", "B.MiserPiggy\B.MiserPiggy.csproj", "{2D690132-B9D5-4008-9EE4-ACC885951B1A}"
EndProject
Project("{FAE04EC0-301F-11D3-BF4B-00C04F79EFBC}") = "C.SimpleDeckOfCards", "C.SimpleDeckOfCards\C.SimpleDeckOfCards.csproj", "{AE099EF8-BA32-4055-B93F-F9AB8CA7A8B1}"
EndProject
Global
	GlobalSection(SolutionConfigurationPlatforms) = preSolution
		Debug|Any CPU = Debug|Any CPU
		Release|Any CPU = Release|Any CPU
	EndGlobalSection
	GlobalSection(ProjectConfigurationPlatforms) = postSolution
		{F185CC04-23F9-4C03-B7AD-ED9299EEB162}.Debug|Any CPU.ActiveCfg = Debug|Any CPU
		{F185CC04-23F9-4C03-B7AD-ED9299EEB162}.Debug|Any CPU.Build.0 = Debug|Any CPU
		{F185CC04-23F9-4C03-B7AD-ED9299EEB162}.Release|Any CPU.ActiveCfg = Release|Any CPU
		{F185CC04-23F9-4C03-B7AD-ED9299EEB162}.Release|Any CPU.Build.0 = Release|Any CPU
		{2D690132-B9D5-4008-9EE4-ACC885951B1A}.Debug|Any CPU.ActiveCfg = Debug|Any CPU
		{2D690132-B9D5-4008-9EE4-ACC885951B1A}.Debug|Any CPU.Build.0 = Debug|Any CPU
		{2D690132-B9D5-4008-9EE4-ACC885951B1A}.Release|Any CPU.ActiveCfg = Release|Any CPU
		{2D690132-B9D5-4008-9EE4-ACC885951B1A}.Release|Any CPU.Build.0 = Release|Any CPU
		{AE099EF8-BA32-4055-B93F-F9AB8CA7A8B1}.Debug|Any CPU.ActiveCfg = Debug|Any CPU
		{AE099EF8-BA32-4055-B93F-F9AB8CA7A8B1}.Debug|Any CPU.Build.0 = Debug|Any CPU
		{AE099EF8-BA32-4055-B93F-F9AB8CA7A8B1}.Release|Any CPU.ActiveCfg = Release|Any CPU
		{AE099EF8-BA32-4055-B93F-F9AB8CA7A8B1}.Release|Any CPU.Build.0 = Release|Any CPU
	EndGlobalSection
	GlobalSection(SolutionProperties) = preSolution
		HideSolutionNode = FALSE
	EndGlobalSection
	GlobalSection(ExtensibilityGlobals) = postSolution
		SolutionGuid = {4A04CB45-DDB6-4B5A-B99D-DD2C09304CC9}
	EndGlobalSection
EndGlobal
